{
  "lockfileVersion": 2,
  "configVersion": 1,
  "workspaces": {
    "": {
      "name": "thenetwork",
      "devDependencies": {
        "@types/bun": "1.4.2",
        "typescript": "^5.6.0",
      },
    },
    "packages/blooio": {
      "name": "@thenetwork/blooio",
      "version": "0.0.0",
    },
    "packages/capital": {
      "name": "@thenetwork/capital",
      "version": "0.0.0",
    },
    "packages/core": {
      "name": "@thenetwork/core",
      "version": "0.0.0",
    },
    "packages/engine": {
      "name": "@thenetwork/engine",
      "version": "0.0.0",
      "dependencies": {
        "@thenetwork/core": "workspace:*",
      },
    },
    "packages/judge": {
      "name": "@thenetwork/judge",
      "version": "0.0.0",
      "dependencies": {
        "@thenetwork/core": "workspace:*",
      },
    },
    "packages/mcp": {
      "name": "@thenetwork/mcp",
      "version": "0.0.0",
      "dependencies": {
        "@thenetwork/platform": "workspace:*",
      },
    },
    "packages/network": {
      "name": "@thenetwork/network",
      "version": "0.0.0",
      "dependencies": {
        "@thenetwork/core": "workspace:*",
        "@thenetwork/engine": "workspace:*",
        "@thenetwork/judge": "workspace:*",
        "@thenetwork/sim": "workspace:*",
      },
    },
    "packages/notify": {
      "name": "@thenetwork/notify",
      "version": "0.0.0",
    },
    "packages/observatory": {
      "name": "@thenetwork/observatory",
      "version": "0.0.0",
      "dependencies": {
        "@thenetwork/core": "workspace:*",
        "@thenetwork/engine": "workspace:*",
        "@thenetwork/judge": "workspace:*",
        "@thenetwork/network": "workspace:*",
        "@thenetwork/sim": "workspace:*",
        "d3-force": "^3.0.0",
        "leaflet": "^1.9.4",
        "react": "^19.1.0",
        "react-dom": "^19.1.0",
      },
      "devDependencies": {
        "@types/d3-force": "^3.0.10",
        "@types/leaflet": "^1.9.22",
        "@types/react": "^19.1.0",
        "@types/react-dom": "^19.1.0",
        "happy-dom": "20.14.0",
      },
    },
    "packages/platform": {
      "name": "@thenetwork/platform",
      "version": "0.0.0",
      "dependencies": {
        "@thenetwork/core": "workspace:*",
      },
    },
    "packages/plugin-network": {
      "name": "@thenetwork/plugin-network",
      "version": "0.1.0",
      "devDependencies": {
        "typescript": "^6.0.3",
      },
      "peerDependencies": {
        "@elizaos/core": "*",
      },
      "optionalPeers": [
        "@elizaos/core",
      ],
    },
    "packages/sim": {
      "name": "@thenetwork/sim",
      "version": "0.0.0",
      "dependencies": {
        "@thenetwork/core": "workspace:*",
        "@thenetwork/engine": "workspace:*",
        "@thenetwork/judge": "workspace:*",
      },
    },
    "packages/worlds": {
      "name": "@thenetwork/worlds",
      "version": "0.0.0",
      "dependencies": {
        "@thenetwork/core": "workspace:*",
        "@thenetwork/engine": "workspace:*",
        "@thenetwork/sim": "workspace:*",
      },
    },
  },
  "packages": {
    "@thenetwork/blooio": ["@thenetwork/blooio@workspace:packages/blooio"],

    "@thenetwork/capital": ["@thenetwork/capital@workspace:packages/capital"],

    "@thenetwork/core": ["@thenetwork/core@workspace:packages/core"],

    "@thenetwork/engine": ["@thenetwork/engine@workspace:packages/engine"],

    "@thenetwork/judge": ["@thenetwork/judge@workspace:packages/judge"],

    "@thenetwork/mcp": ["@thenetwork/mcp@workspace:packages/mcp"],

    "@thenetwork/network": ["@thenetwork/network@workspace:packages/network"],

    "@thenetwork/notify": ["@thenetwork/notify@workspace:packages/notify"],

    "@thenetwork/observatory": ["@thenetwork/observatory@workspace:packages/observatory"],

    "@thenetwork/platform": ["@thenetwork/platform@workspace:packages/platform"],

    "@thenetwork/plugin-network": ["@thenetwork/plugin-network@workspace:packages/plugin-network"],

    "@thenetwork/sim": ["@thenetwork/sim@workspace:packages/sim"],

    "@thenetwork/worlds": ["@thenetwork/worlds@workspace:packages/worlds"],

    "@types/bun": ["@types/bun@1.4.2", "", { "dependencies": { "bun-types": "1.4.2" } }, "sha512-GimotNn7+ZV0uVArItBbriZsR1oNf0+WTzPkdcFrzShI7k2norL0uzEaJT8T33dWr7O/c9ZDuAFQrctKCi72oQ=="],

    "@types/d3-force": ["@types/d3-force@3.0.10", "", {}, "sha512-ZYeSaCF3p73RdOKcjj+swRlZfnYpK1EbaDiYICEEp5Q6sUiqFaFQ9qgoshp5CzIyyb/yD09kD9o2zEltCexlgw=="],

    "@types/geojson": ["@types/geojson@7946.0.16", "", {}, "sha512-6C8nqWur3j98U6+lXDfTUWIfgvZU+EumvpHKcYjujKH7woYyLj2sUmff0tRhrqM7BohUw7Pz3ZB1jj2gW9Fvmg=="],

    "@types/leaflet": ["@types/leaflet@1.9.22", "", { "dependencies": { "@types/geojson": "*" } }, "sha512-h3lhECYEKDasG7LFHu+GiHqAvsgLuQvlJvVZzJDGONo3sEL+wUOqSFLnwkZlK0qVxnxbuGFW8iBlJNYs5wgndA=="],

    "@types/node": ["@types/node@26.6.4", "", { "dependencies": { "undici-types": "~8.9.0" } }, "sha512-ldVPDCzj7fsaGZrLB0NuHuTvJcsNasysBAqMolr/cgxrLd1xbqxIr3XJiPnHHJUCxj5sNF1vnRj9aWnrVh5Jcg=="],

    "@types/react": ["@types/react@19.3.0", "", { "dependencies": { "csstype": "^3.2.2" } }, "sha512-N0rFCuH9YoxG9/m61l9MfpJKfmLOVU0em7ipIz6TRgSSkvReLB9vL85GB+yr8Bs5leqpvg96JSwF4ZS1s4viQg=="],

    "@types/react-dom": ["@types/react-dom@19.3.0", "", { "peerDependencies": { "@types/react": "^19.3.0" } }, "sha512-ZI7bU42mZXXKHn/qNLEw2IrbiINU7X5+vfgdixBHkCNpYWXjKgfQ/P+uyGb5CjOLB9UcnTeg3rylQtV2hym44Q=="],

    "@types/whatwg-mimetype": ["@types/whatwg-mimetype@3.0.2", "", {}, "sha512-c2AKvDT8ToxLIOUlN51gTiHXflsfIFisS4pO7pDPoKouJCESkhZnEy623gwP9laCy5lnLDAw1vAzu2vM2YLOrA=="],

    "@types/ws": ["@types/ws@8.18.2", "", { "dependencies": { "@types/node": "*" } }, "sha512-67MQl+fpWKVTT1NYdnmo3U4sc/xPo/zQBncVnI74qmQa0z/b+1g6iYqNmGCPbxO+zz2aklb08a0oHfegiVd0/w=="],

    "buffer-image-size": ["buffer-image-size@0.6.4", "", { "dependencies": { "@types/node": "*" } }, "sha512-nEh+kZOPY1w+gcCMobZ6ETUp9WfibndnosbpwB1iJk/8Gt5ZF2bhS6+B6bPYz424KtwsR6Rflc3tCz1/ghX2dQ=="],

    "bun-types": ["bun-types@1.4.2", "", { "dependencies": { "@types/node": "*" } }, "sha512-bxV1FgK7yBIzjRe5zBozIM4Bem11ZJcCXSrjWRG3YWLt8yFDePu4cLjpebO8OvPeIE9trbyPF4fuj3Cia4Fj3w=="],

    "csstype": ["csstype@3.2.3", "", {}, "sha512-z1HGKcYy2xA8AGQfwrn0PAy+PB7X/GSj3UVJW9qKyn43xWa+gl5nXmU4qqLMRzWVLFC8KusUX8T/0kCiOYpAIQ=="],

    "d3-dispatch": ["d3-dispatch@3.0.1", "", {}, "sha512-rzUyPU/S7rwUflMyLc1ETDeBj0NRuHKKAcvukozwhshr6g6c5d8zh4c2gQjY2bZ0dXeGLWc1PF174P2tVvKhfg=="],

    "d3-force": ["d3-force@3.0.0", "", { "dependencies": { "d3-dispatch": "1 - 3", "d3-quadtree": "1 - 3", "d3-timer": "1 - 3" } }, "sha512-zxV/SsA+U4yte8051P4ECydjD/S+qeYtnaIyAs9tgHCqfguma/aAQDjo85A9Z6EKhBirHRJHXIgJUlffT4wdLg=="],

    "d3-quadtree": ["d3-quadtree@3.0.1", "", {}, "sha512-04xDrxQTDTCFwP5H6hRhsRcb9xxv2RzkcsygFzmkSIOJy3PeRJP7sNk3VRIbKXcog561P9oU0/rVH6vDROAgUw=="],

    "d3-timer": ["d3-timer@3.0.1", "", {}, "sha512-ndfJ/JxxMd3nw31uyKoY2naivF+r29V+Lc0svZxe1JvvIRmi8hUsrMvdOwgS1o6uBHmiz91geQ0ylPP0aj1VUA=="],

    "entities": ["entities@7.0.1", "", {}, "sha512-TWrgLOFUQTH994YUyl1yT4uyavY5nNB5muff+RtWaqNVCAK408b5ZnnbNAUEWLTCpum9w6arT70i1XdQ4UeOPA=="],

    "happy-dom": ["happy-dom@20.14.0", "", { "dependencies": { "@types/node": ">=20.0.0", "@types/whatwg-mimetype": "^3.0.2", "@types/ws": "^8.18.1", "buffer-image-size": "^0.6.4", "entities": "^7.0.1", "whatwg-mimetype": "^3.0.0", "ws": "^8.21.0" } }, "sha512-4bRh1KzRvKDnFNTlLhzT1RZTpkKhQbQDl9j+7GXszWsvuspYdo29k6OHRf4PwiM6oLb8r/pMWeYiJjkfod5AvQ=="],

    "leaflet": ["leaflet@1.9.4", "", {}, "sha512-nxS1ynzJOmOlHp+iL3FyWqK89GtNL8U8rvlMOsQdTTssxZwCXh8N2NB3GDQOL+YR3XnWyZAxwQixURb+FA74PA=="],

    "react": ["react@19.3.0", "", {}, "sha512-E8LUcbtBWt20bbl2YoHfx4ZDBdxVTfOKtCZn9cDSJ4l6/nuoApcpIBcj47t2wZoVX8g2ZHuMHbiShgCR1T5Sog=="],

    "react-dom": ["react-dom@19.3.0", "", { "dependencies": { "scheduler": "^0.28.0" }, "peerDependencies": { "react": "^19.3.0" } }, "sha512-JDk8dgif51OjFoDE70+OT9ICyYr+69HlmihNwp1+Nsfbna3t5sIiCa9ZJktDmQ4/1b/rn26hIAR2uYXDMr5r0Q=="],

    "scheduler": ["scheduler@0.28.0", "", {}, "sha512-juorfCmIkIw8tT+p5BXSm6PJjQF/ycEYmKyzURCIt/RaZIhL+PulbQ9Yu2z1HdOJDdqDTlxA1+xKBmHXJsczAw=="],

    "typescript": ["typescript@5.9.3", "", { "bin": { "tsc": "bin/tsc", "tsserver": "bin/tsserver" } }, "sha512-jl1vZzPDinLr9eUt3J/t7V6FgNEw9QjvBPdysz9KfQDD41fQrC2Y4vKQdiaUpFT4bXlb1RHhLpp8wtm6M5TgSw=="],

    "undici-types": ["undici-types@8.9.0", "", {}, "sha512-KTDyRTYX8sWmKXAikPHHSyc63CRPETMctyjKFupcC6OBLXT3xsN0e9aF7m+mIXutFWpUXuedtowG7iLOzp0kQg=="],

    "whatwg-mimetype": ["whatwg-mimetype@3.0.0", "", {}, "sha512-nt+N2dzIutVRxARx1nghPKGv1xHikU7HKdfafKkLNLindmPU/ch3U31NOCGGA/dmPcmb1VlofO0vnKAcsm0o/Q=="],

    "ws": ["ws@8.22.0", "", { "peerDependencies": { "bufferutil": "^4.0.1", "utf-8-validate": ">=5.0.2" }, "optionalPeers": ["bufferutil", "utf-8-validate"] }, "sha512-Ydggc987+RO0AnWtZ/7Wq9FtNvcrL1b/RO0ud9mWjUPgDrsAAwQSF51sm2hm1XofbU/4jkpGEsLFsZZxU+1DOg=="],

    "@thenetwork/plugin-network/typescript": ["typescript@6.0.3", "", { "bin": { "tsc": "bin/tsc", "tsserver": "bin/tsserver" } }, "sha512-y2TvuxSZPDyQakkFRPZHKFm+KKVqIisdg9/CZwm9ftvKXLP8NRWj38/ODjNbr43SsoXqNuAisEf1GdCxqWcdBw=="],
  }
}
